
Microsoft Visual Studio Solution File, Format Version 12.00
# Visual Studio Version 16
VisualStudioVersion = 16.0.30011.22
MinimumVisualStudioVersion = 10.0.40219.1
Project("{8BC9CEB8-8B4A-11D0-8D11-00A0C91BC942}") = "AVLtree", "AVLtree\AVLtree.vcxproj", "{3FF5EDF2-6EE2-4168-A918-85AF3BCC6739}"
EndProject
Global
	GlobalSection(SolutionConfigurationPlatforms) = preSolution
		Debug|x64 = Debug|x64
		Debug|x86 = Debug|x86
		Release|x64 = Release|x64
		Release|x86 = Release|x86
	EndGlobalSection
	GlobalSection(ProjectConfigurationPlatforms) = postSolution
		{3FF5EDF2-6EE2-4168-A918-85AF3BCC6739}.Debug|x64.ActiveCfg = Debug|x64
		{3FF5EDF2-6EE2-4168-A918-85AF3BCC6739}.Debug|x64.Build.0 = Debug|x64
		{3FF5EDF2-6EE2-4168-A918-85AF3BCC6739}.Debug|x86.ActiveCfg = Debug|Win32
		{3FF5EDF2-6EE2-4168-A918-85AF3BCC6739}.Debug|x86.Build.0 = Debug|Win32
		{3FF5EDF2-6EE2-4168-A918-85AF3BCC6739}.Release|x64.ActiveCfg = Release|x64
		{3FF5EDF2-6EE2-4168-A918-85AF3BCC6739}.Release|x64.Build.0 = Release|x64
		{3FF5EDF2-6EE2-4168-A918-85AF3BCC6739}.Release|x86.ActiveCfg = Release|Win32
		{3FF5EDF2-6EE2-4168-A918-85AF3BCC6739}.Release|x86.Build.0 = Release|Win32
	EndGlobalSection
	GlobalSection(SolutionProperties) = preSolution
		HideSolutionNode = FALSE
	EndGlobalSection
	GlobalSection(ExtensibilityGlobals) = postSolution
		SolutionGuid = {76FB448F-24F9-4047-A624-B13E9620A2A1}
	EndGlobalSection
EndGlobal
